
Microsoft Visual Studio Solution File, Format Version 12.00
# Visual Studio Version 17
VisualStudioVersion = 17.8.34511.84
MinimumVisualStudioVersion = 10.0.40219.1
Project("{9A19103F-16F7-4668-BE54-9A1E7A4F7556}") = "MVCProject", "MVCProject\MVCProject.csproj", "{C1472A9C-840B-4C45-989B-0EB2CA741755}"
EndProject
Project("{2150E333-8FDC-42A3-9474-1A3956D46DE8}") = "Solution Items", "Solution Items", "{EF0A5F45-3ED3-4C95-8653-4E032229A1DB}"
	ProjectSection(SolutionItems) = preProject
		.editorconfig = .editorconfig
	EndProjectSection
EndProject
Global
	GlobalSection(SolutionConfigurationPlatforms) = preSolution
		Debug|Any CPU = Debug|Any CPU
		Release|Any CPU = Release|Any CPU
	EndGlobalSection
	GlobalSection(ProjectConfigurationPlatforms) = postSolution
		{C1472A9C-840B-4C45-989B-0EB2CA741755}.Debug|Any CPU.ActiveCfg = Debug|Any CPU
		{C1472A9C-840B-4C45-989B-0EB2CA741755}.Debug|Any CPU.Build.0 = Debug|Any CPU
		{C1472A9C-840B-4C45-989B-0EB2CA741755}.Release|Any CPU.ActiveCfg = Release|Any CPU
		{C1472A9C-840B-4C45-989B-0EB2CA741755}.Release|Any CPU.Build.0 = Release|Any CPU
	EndGlobalSection
	GlobalSection(SolutionProperties) = preSolution
		HideSolutionNode = FALSE
	EndGlobalSection
	GlobalSection(ExtensibilityGlobals) = postSolution
		SolutionGuid = {5232DF18-FB65-4794-8751-0B4156838EFF}
	EndGlobalSection
EndGlobal
